
Microsoft Visual Studio Solution File, Format Version 12.00
# Visual Studio Version 16
VisualStudioVersion = 16.0.31019.35
MinimumVisualStudioVersion = 10.0.40219.1
Project("{FAE04EC0-301F-11D3-BF4B-00C04F79EFBC}") = "TuongVanTienLuc_5951071055", "TuongVanTienLuc_5951071055\TuongVanTienLuc_5951071055.csproj", "{8575A4A7-18BD-4676-92B8-D6CDDCB4D7F5}"
EndProject
Global
	GlobalSection(SolutionConfigurationPlatforms) = preSolution
		Debug|Any CPU = Debug|Any CPU
		Release|Any CPU = Release|Any CPU
	EndGlobalSection
	GlobalSection(ProjectConfigurationPlatforms) = postSolution
		{8575A4A7-18BD-4676-92B8-D6CDDCB4D7F5}.Debug|Any CPU.ActiveCfg = Debug|Any CPU
		{8575A4A7-18BD-4676-92B8-D6CDDCB4D7F5}.Debug|Any CPU.Build.0 = Debug|Any CPU
		{8575A4A7-18BD-4676-92B8-D6CDDCB4D7F5}.Release|Any CPU.ActiveCfg = Release|Any CPU
		{8575A4A7-18BD-4676-92B8-D6CDDCB4D7F5}.Release|Any CPU.Build.0 = Release|Any CPU
	EndGlobalSection
	GlobalSection(SolutionProperties) = preSolution
		HideSolutionNode = FALSE
	EndGlobalSection
	GlobalSection(ExtensibilityGlobals) = postSolution
		SolutionGuid = {E26B7314-8EE3-49DB-B0DD-ACBC5A52AAD3}
	EndGlobalSection
EndGlobal
